
Microsoft Visual Studio Solution File, Format Version 12.00
# Visual Studio Version 17
VisualStudioVersion = 17.5.002.0
MinimumVisualStudioVersion = 10.0.40219.1
Project("{9A19103F-16F7-4668-BE54-9A1E7A4F7556}") = "GraphQLServer", "c#\GraphQLServer.csproj", "{2795CE32-B30F-4E2D-BFC1-00E46C136559}"
EndProject
Global
	GlobalSection(SolutionConfigurationPlatforms) = preSolution
		Debug|Any CPU = Debug|Any CPU
		Release|Any CPU = Release|Any CPU
	EndGlobalSection
	GlobalSection(ProjectConfigurationPlatforms) = postSolution
		{2795CE32-B30F-4E2D-BFC1-00E46C136559}.Debug|Any CPU.ActiveCfg = Debug|Any CPU
		{2795CE32-B30F-4E2D-BFC1-00E46C136559}.Debug|Any CPU.Build.0 = Debug|Any CPU
		{2795CE32-B30F-4E2D-BFC1-00E46C136559}.Release|Any CPU.ActiveCfg = Release|Any CPU
		{2795CE32-B30F-4E2D-BFC1-00E46C136559}.Release|Any CPU.Build.0 = Release|Any CPU
	EndGlobalSection
	GlobalSection(SolutionProperties) = preSolution
		HideSolutionNode = FALSE
	EndGlobalSection
	GlobalSection(ExtensibilityGlobals) = postSolution
		SolutionGuid = {A2CE2BFC-6A7B-4395-90DF-34109B1C8B85}
	EndGlobalSection
EndGlobal
